
Microsoft Visual Studio Solution File, Format Version 12.00
# Visual Studio Version 16
VisualStudioVersion = 16.0.31424.327
MinimumVisualStudioVersion = 10.0.40219.1
Project("{FAE04EC0-301F-11D3-BF4B-00C04F79EFBC}") = "MajorKeySelector", "MajorKeySelector\MajorKeySelector.csproj", "{30D051D8-20A6-4AB7-9C04-3D326EE92FB8}"
EndProject
Global
	GlobalSection(SolutionConfigurationPlatforms) = preSolution
		Debug|Any CPU = Debug|Any CPU
		Release|Any CPU = Release|Any CPU
	EndGlobalSection
	GlobalSection(ProjectConfigurationPlatforms) = postSolution
		{30D051D8-20A6-4AB7-9C04-3D326EE92FB8}.Debug|Any CPU.ActiveCfg = Debug|Any CPU
		{30D051D8-20A6-4AB7-9C04-3D326EE92FB8}.Debug|Any CPU.Build.0 = Debug|Any CPU
		{30D051D8-20A6-4AB7-9C04-3D326EE92FB8}.Release|Any CPU.ActiveCfg = Release|Any CPU
		{30D051D8-20A6-4AB7-9C04-3D326EE92FB8}.Release|Any CPU.Build.0 = Release|Any CPU
	EndGlobalSection
	GlobalSection(SolutionProperties) = preSolution
		HideSolutionNode = FALSE
	EndGlobalSection
	GlobalSection(ExtensibilityGlobals) = postSolution
		SolutionGuid = {1B33561F-DD07-491E-BDC2-9BA196DC6C10}
	EndGlobalSection
EndGlobal
